
Microsoft Visual Studio Solution File, Format Version 12.00
# Visual Studio Version 16
VisualStudioVersion = 16.0.31911.196
MinimumVisualStudioVersion = 10.0.40219.1
Project("{FAE04EC0-301F-11D3-BF4B-00C04F79EFBC}") = "Async_Await", "Async_Await\Async_Await.csproj", "{0880A6F8-0F60-4EE0-91FF-290FBD56D57D}"
EndProject
Global
	GlobalSection(SolutionConfigurationPlatforms) = preSolution
		Debug|Any CPU = Debug|Any CPU
		Release|Any CPU = Release|Any CPU
	EndGlobalSection
	GlobalSection(ProjectConfigurationPlatforms) = postSolution
		{0880A6F8-0F60-4EE0-91FF-290FBD56D57D}.Debug|Any CPU.ActiveCfg = Debug|Any CPU
		{0880A6F8-0F60-4EE0-91FF-290FBD56D57D}.Debug|Any CPU.Build.0 = Debug|Any CPU
		{0880A6F8-0F60-4EE0-91FF-290FBD56D57D}.Release|Any CPU.ActiveCfg = Release|Any CPU
		{0880A6F8-0F60-4EE0-91FF-290FBD56D57D}.Release|Any CPU.Build.0 = Release|Any CPU
	EndGlobalSection
	GlobalSection(SolutionProperties) = preSolution
		HideSolutionNode = FALSE
	EndGlobalSection
	GlobalSection(ExtensibilityGlobals) = postSolution
		SolutionGuid = {1BF24A15-0AAA-4E33-ABD7-5EDF7D6D0BE0}
	EndGlobalSection
EndGlobal
